version = 1
revision = 3
requires-python = "==3.12.*"
resolution-markers = [
    "(platform_machine != 'aarch64' and sys_platform == 'linux') or (platform_python_implementation != 'CPython' and sys_platform == 'linux') or (sys_platform != 'darwin' and sys_platform != 'linux')",
    "platform_machine == 'aarch64' and platform_python_implementation == 'CPython' and sys_platform == 'linux'",
    "sys_platform == 'darwin'",
]

[[package]]
name = "cffi"
version = "2.0.0"
source = { registry = "https://pypi.org/simple" }
dependencies = [
    { name = "pycparser", marker = "implementation_name != 'PyPy'" },
]
sdist = { url = "https://files.pythonhosted.org/packages/eb/56/b1ba7935a17738ae8453301356628e8147c79dbb825bcbc73dc7401f9846/cffi-2.0.0.tar.gz", hash = "sha256:44d1b5909021139fe36001ae048dbdde8214afa20200eda0f64c068cac5d5529", size = 523588, upload-time = "2025-09-08T23:24:04.541Z" }
wheels = [
    { url = "https://files.pythonhosted.org/packages/ea/47/4f61023ea636104d4f16ab488e268b93008c3d0bb76893b1b31db1f96802/cffi-2.0.0-cp312-cp312-macosx_10_13_x86_64.whl", hash = "sha256:6d02d6655b0e54f54c4ef0b94eb6be0607b70853c45ce98bd278dc7de718be5d", size = 185271, upload-time = "2025-09-08T23:22:44.795Z" },
    { url = "https://files.pythonhosted.org/packages/df/a2/781b623f57358e360d62cdd7a8c681f074a71d445418a776eef0aadb4ab4/cffi-2.0.0-cp312-cp312-macosx_11_0_arm64.whl", hash = "sha256:8eca2a813c1cb7ad4fb74d368c2ffbbb4789d377ee5bb8df98373c2cc0dee76c", size = 181048, upload-time = "2025-09-08T23:22:45.938Z" },
    { url = "https://files.pythonhosted.org/packages/ff/df/a4f0fbd47331ceeba3d37c2e51e9dfc9722498becbeec2bd8bc856c9538a/cffi-2.0.0-cp312-cp312-manylinux1_i686.manylinux2014_i686.manylinux_2_17_i686.manylinux_2_5_i686.whl", hash = "sha256:21d1152871b019407d8ac3985f6775c079416c282e431a4da6afe7aefd2bccbe", size = 212529, upload-time = "2025-09-08T23:22:47.349Z" },
    { url = "https://files.pythonhosted.org/packages/d5/72/12b5f8d3865bf0f87cf1404d8c374e7487dcf097a1c91c436e72e6badd83/cffi-2.0.0-cp312-cp312-manylinux2014_aarch64.manylinux_2_17_aarch64.whl", hash = "sha256:b21e08af67b8a103c71a250401c78d5e0893beff75e28c53c98f4de42f774062", size = 220097, upload-time = "2025-09-08T23:22:48.677Z" },
    { url = "https://files.pythonhosted.org/packages/c2/95/7a135d52a50dfa7c882ab0ac17e8dc11cec9d55d2c18dda414c051c5e69e/cffi-2.0.0-cp312-cp312-manylinux2014_ppc64le.manylinux_2_17_ppc64le.whl", hash = "sha256:1e3a615586f05fc4065a8b22b8152f0c1b00cdbc60596d187c2a74f9e3036e4e", size = 207983, upload-time = "2025-09-08T23:22:50.06Z" },
    { url = "https://files.pythonhosted.org/packages/3a/c8/15cb9ada8895957ea171c62dc78ff3e99159ee7adb13c0123c001a2546c1/cffi-2.0.0-cp312-cp312-manylinux2014_s390x.manylinux_2_17_s390x.whl", hash = "sha256:81afed14892743bbe14dacb9e36d9e0e504cd204e0b165062c488942b9718037", size = 206519, upload-time = "2025-09-08T23:22:51.364Z" },
    { url = "https://files.pythonhosted.org/packages/78/2d/7fa73dfa841b5ac06c7b8855cfc18622132e365f5b81d02230333ff26e9e/cffi-2.0.0-cp312-cp312-manylinux2014_x86_64.manylinux_2_17_x86_64.whl", hash = "sha256:3e17ed538242334bf70832644a32a7aae3d83b57567f9fd60a26257e992b79ba", size = 219572, upload-time = "2025-09-08T23:22:52.902Z" },
    { url = "https://files.pythonhosted.org/packages/07/e0/267e57e387b4ca276b90f0434ff88b2c2241ad72b16d31836adddfd6031b/cffi-2.0.0-cp312-cp312-musllinux_1_2_aarch64.whl", hash = "sha256:3925dd22fa2b7699ed2617149842d2e6adde22b262fcbfada50e3d195e4b3a94", size = 222963, upload-time = "2025-09-08T23:22:54.518Z" },
    { url = "https://files.pythonhosted.org/packages/b6/75/1f2747525e06f53efbd878f4d03bac5b859cbc11c633d0fb81432d98a795/cffi-2.0.0-cp312-cp312-musllinux_1_2_x86_64.whl", hash = "sha256:2c8f814d84194c9ea681642fd164267891702542f028a15fc97d4674b6206187", size = 221361, upload-time = "2025-09-08T23:22:55.867Z" },
    { url = "https://files.pythonhosted.org/packages/7b/2b/2b6435f76bfeb6bbf055596976da087377ede68df465419d192acf00c437/cffi-2.0.0-cp312-cp312-win32.whl", hash = "sha256:da902562c3e9c550df360bfa53c035b2f241fed6d9aef119048073680ace4a18", size = 172932, upload-time = "2025-09-08T23:22:57.188Z" },
    { url = "https://files.pythonhosted.org/packages/f8/ed/13bd4418627013bec4ed6e54283b1959cf6db888048c7cf4b4c3b5b36002/cffi-2.0.0-cp312-cp312-win_amd64.whl", hash = "sha256:da68248800ad6320861f129cd9c1bf96ca849a2771a59e0344e88681905916f5", size = 183557, upload-time = "2025-09-08T23:22:58.351Z" },
    { url = "https://files.pythonhosted.org/packages/95/31/9f7f93ad2f8eff1dbc1c3656d7ca5bfd8fb52c9d786b4dcf19b2d02217fa/cffi-2.0.0-cp312-cp312-win_arm64.whl", hash = "sha256:4671d9dd5ec934cb9a73e7ee9676f9362aba54f7f34910956b84d727b0d73fb6", size = 177762, upload-time = "2025-09-08T23:22:59.668Z" },
]

[[package]]
name = "colorama"
version = "0.4.6"
source = { registry = "https://pypi.org/simple" }
sdist = { url = "https://files.pythonhosted.org/packages/d8/53/6f443c9a4a8358a93a6792e2acffb9d9d5cb0a5cfd8802644b7b1c9a02e4/colorama-0.4.6.tar.gz", hash = "sha256:08695f5cb7ed6e0531a20572697297273c47b8cae5a63ffc6d6ed5c201be6e44", size = 27697, upload-time = "2022-10-25T02:36:22.414Z" }
wheels = [
    { url = "https://files.pythonhosted.org/packages/d1/d6/3965ed04c63042e047cb6a3e6ed1a63a35087b6a609aa3a15ed8ac56c221/colorama-0.4.6-py2.py3-none-any.whl", hash = "sha256:4f1d9991f5acc0ca119f9d443620b77f9d6b33703e51011c16baf57afb285fc6", size = 25335, upload-time = "2022-10-25T02:36:20.889Z" },
]

[[package]]
name = "iniconfig"
version = "2.3.0"
source = { registry = "https://pypi.org/simple" }
sdist = { url = "https://files.pythonhosted.org/packages/72/34/14ca021ce8e5dfedc35312d08ba8bf51fdd999c576889fc2c24cb97f4f10/iniconfig-2.3.0.tar.gz", hash = "sha256:c76315c77db068650d49c5b56314774a7804df16fee4402c1f19d6d15d8c4730", size = 20503, upload-time = "2025-10-18T21:55:43.219Z" }
wheels = [
    { url = "https://files.pythonhosted.org/packages/cb/b1/3846dd7f199d53cb17f49cba7e651e9ce294d8497c8c150530ed11865bb8/iniconfig-2.3.0-py3-none-any.whl", hash = "sha256:f631c04d2c48c52b84d0d0549c99ff3859c98df65b3101406327ecc7d53fbf12", size = 7484, upload-time = "2025-10-18T21:55:41.639Z" },
]

[[package]]
name = "numpy"
version = "2.2.6"
source = { registry = "https://pypi.org/simple" }
sdist = { url = "https://files.pythonhosted.org/packages/76/21/7d2a95e4bba9dc13d043ee156a356c0a8f0c6309dff6b21b4d71a073b8a8/numpy-2.2.6.tar.gz", hash = "sha256:e29554e2bef54a90aa5cc07da6ce955accb83f21ab5de01a62c8478897b264fd", size = 20276440, upload-time = "2025-05-17T22:38:04.611Z" }
wheels = [
    { url = "https://files.pythonhosted.org/packages/82/5d/c00588b6cf18e1da539b45d3598d3557084990dcc4331960c15ee776ee41/numpy-2.2.6-cp312-cp312-macosx_10_13_x86_64.whl", hash = "sha256:41c5a21f4a04fa86436124d388f6ed60a9343a6f767fced1a8a71c3fbca038ff", size = 20875348, upload-time = "2025-05-17T21:34:39.648Z" },
    { url = "https://files.pythonhosted.org/packages/66/ee/560deadcdde6c2f90200450d5938f63a34b37e27ebff162810f716f6a230/numpy-2.2.6-cp312-cp312-macosx_11_0_arm64.whl", hash = "sha256:de749064336d37e340f640b05f24e9e3dd678c57318c7289d222a8a2f543e90c", size = 14119362, upload-time = "2025-05-17T21:35:01.241Z" },
    { url = "https://files.pythonhosted.org/packages/3c/65/4baa99f1c53b30adf0acd9a5519078871ddde8d2339dc5a7fde80d9d87da/numpy-2.2.6-cp312-cp312-macosx_14_0_arm64.whl", hash = "sha256:894b3a42502226a1cac872f840030665f33326fc3dac8e57c607905773cdcde3", size = 5084103, upload-time = "2025-05-17T21:35:10.622Z" },
    { url = "https://files.pythonhosted.org/packages/cc/89/e5a34c071a0570cc40c9a54eb472d113eea6d002e9ae12bb3a8407fb912e/numpy-2.2.6-cp312-cp312-macosx_14_0_x86_64.whl", hash = "sha256:71594f7c51a18e728451bb50cc60a3ce4e6538822731b2933209a1f3614e9282", size = 6625382, upload-time = "2025-05-17T21:35:21.414Z" },
    { url = "https://files.pythonhosted.org/packages/f8/35/8c80729f1ff76b3921d5c9487c7ac3de9b2a103b1cd05e905b3090513510/numpy-2.2.6-cp312-cp312-manylinux_2_17_aarch64.manylinux2014_aarch64.whl", hash = "sha256:f2618db89be1b4e05f7a1a847a9c1c0abd63e63a1607d892dd54668dd92faf87", size = 14018462, upload-time = "2025-05-17T21:35:42.174Z" },
    { url = "https://files.pythonhosted.org/packages/8c/3d/1e1db36cfd41f895d266b103df00ca5b3cbe965184df824dec5c08c6b803/numpy-2.2.6-cp312-cp312-manylinux_2_17_x86_64.manylinux2014_x86_64.whl", hash = "sha256:fd83c01228a688733f1ded5201c678f0c53ecc1006ffbc404db9f7a899ac6249", size = 16527618, upload-time = "2025-05-17T21:36:06.711Z" },
    { url = "https://files.pythonhosted.org/packages/61/c6/03ed30992602c85aa3cd95b9070a514f8b3c33e31124694438d88809ae36/numpy-2.2.6-cp312-cp312-musllinux_1_2_aarch64.whl", hash = "sha256:37c0ca431f82cd5fa716eca9506aefcabc247fb27ba69c5062a6d3ade8cf8f49", size = 15505511, upload-time = "2025-05-17T21:36:29.965Z" },
    { url = "https://files.pythonhosted.org/packages/b7/25/5761d832a81df431e260719ec45de696414266613c9ee268394dd5ad8236/numpy-2.2.6-cp312-cp312-musllinux_1_2_x86_64.whl", hash = "sha256:fe27749d33bb772c80dcd84ae7e8df2adc920ae8297400dabec45f0dedb3f6de", size = 18313783, upload-time = "2025-05-17T21:36:56.883Z" },
    { url = "https://files.pythonhosted.org/packages/57/0a/72d5a3527c5ebffcd47bde9162c39fae1f90138c961e5296491ce778e682/numpy-2.2.6-cp312-cp312-win32.whl", hash = "sha256:4eeaae00d789f66c7a25ac5f34b71a7035bb474e679f410e5e1a94deb24cf2d4", size = 6246506, upload-time = "2025-05-17T21:37:07.368Z" },
    { url = "https://files.pythonhosted.org/packages/36/fa/8c9210162ca1b88529ab76b41ba02d433fd54fecaf6feb70ef9f124683f1/numpy-2.2.6-cp312-cp312-win_amd64.whl", hash = "sha256:c1f9540be57940698ed329904db803cf7a402f3fc200bfe599334c9bd84a40b2", size = 12614190, upload-time = "2025-05-17T21:37:26.213Z" },
]

[[package]]
name = "openvino"
version = "2025.3.0"
source = { registry = "https://pypi.org/simple" }
dependencies = [
    { name = "numpy" },
    { name = "openvino-telemetry" },
    { name = "packaging" },
]
wheels = [
    { url = "https://files.pythonhosted.org/packages/dc/f8/0bca9783eda61d445b3c4bc1a141ecdbfa864d96d34fdf07aacd103609d7/openvino-2025.3.0-19807-cp312-cp312-macosx_10_15_x86_64.whl", hash = "sha256:3e9ebe81b17b8d92290191551c25c74da07358bd4c6e25058f6f906596f062ef", size = 39529889, upload-time = "2025-09-03T09:26:53.341Z" },
    { url = "https://files.pythonhosted.org/packages/73/9a/ec0bfe714996da93cb31fe5cc76b864f86a727935a275f68df697b716b59/openvino-2025.3.0-19807-cp312-cp312-macosx_11_0_arm64.whl", hash = "sha256:c324e0bb47b2a29ea3340454dddd3032afcb2794ab1b68a858bd693892ea21e4", size = 32120253, upload-time = "2025-09-03T09:26:55.752Z" },
    { url = "https://files.pythonhosted.org/packages/f4/e3/1e2588b2bc85b7437f8c38dda0b04df47d4234599e4efaf55574d7b49575/openvino-2025.3.0-19807-cp312-cp312-manylinux2014_x86_64.whl", hash = "sha256:3b5523b739650b7df29d68c59c58a928e454181d637c0c9c71087c6dbfd0e071", size = 48981144, upload-time = "2025-09-03T09:26:58.618Z" },
    { url = "https://files.pythonhosted.org/packages/3f/96/96e9a2f30562c66866b2b6f5b4ebbb6e3146148a2feb064b128d77f885c6/openvino-2025.3.0-19807-cp312-cp312-manylinux_2_35_aarch64.whl", hash = "sha256:3895d7873d06e95066c7a09dd09eb23dc5553359c66fe63c11c43938ed08df37", size = 27707240, upload-time = "2025-09-03T09:27:01.041Z" },
    { url = "https://files.pythonhosted.org/packages/da/fc/20bfe74f30576af264d6166005bbcf4426c7e375c4e5cd160402e7ffb6f0/openvino-2025.3.0-19807-cp312-cp312-win_amd64.whl", hash = "sha256:e2ee0d79a6bb50bcdaf111640935a21802dc38f3285ea1e25ff353bb99f70f5a", size = 40629330, upload-time = "2025-09-03T09:27:03.547Z" },
]

[[package]]
name = "openvino-genai"
version = "2025.3.0.0"
source = { registry = "https://pypi.org/simple" }
dependencies = [
    { name = "openvino-tokenizers" },
]
wheels = [
    { url = "https://files.pythonhosted.org/packages/f4/7f/1b1f57f100e0677f10911348607b708b1376c89f026a2e28f93275bbc547/openvino_genai-2025.3.0.0-cp312-cp312-macosx_10_15_x86_64.whl", hash = "sha256:a9a268de628465c8ecd5e971945e1b4d12e2f5614a08cd8deac6ada26e7c598d", size = 3182520, upload-time = "2025-09-03T09:51:38.8Z" },
    { url = "https://files.pythonhosted.org/packages/3d/27/ddc562fd64d95f5a9ef5e4d8279c23fec99fe855b0276d69c6240b934e55/openvino_genai-2025.3.0.0-cp312-cp312-macosx_11_0_arm64.whl", hash = "sha256:c3db9e770b0c96a3a477302df9720eabb7a444ad6322f9f5753e3f982e2078ee", size = 2806537, upload-time = "2025-09-03T09:51:40.542Z" },
    { url = "https://files.pythonhosted.org/packages/c6/68/2973599e8d1892f9ce53ba6edbe4a2e0608ba9206b71f00fdd44bd6f1ce2/openvino_genai-2025.3.0.0-cp312-cp312-manylinux2014_x86_64.whl", hash = "sha256:3d3af8cf54666243dfdf9a716010ae695a26536deb6c9ee538db06bb6f1078df", size = 3859174, upload-time = "2025-09-03T09:51:41.791Z" },
    { url = "https://files.pythonhosted.org/packages/00/d2/5662436fd7d65927b9e440eebb6c875ad0eb4942d119fb859df9a38a3c08/openvino_genai-2025.3.0.0-cp312-cp312-manylinux_2_31_aarch64.whl", hash = "sha256:9779c9374497b94251aac34bc5f74619561a32d7b930c7575707761e02235dde", size = 3370056, upload-time = "2025-09-03T09:51:43.376Z" },
    { url = "https://files.pythonhosted.org/packages/43/f9/b9fc680d920958c735d38091c3e8a3609220892c1bc73ca44e0c6f1702fa/openvino_genai-2025.3.0.0-cp312-cp312-win_amd64.whl", hash = "sha256:b2cb2ab34ff968de2e2c6c19602192fb922f9ff2a58f2b52b5345e06c8116ead", size = 2303539, upload-time = "2025-09-03T09:51:44.556Z" },
]

[[package]]
name = "openvino-telemetry"
version = "2025.2.0"
source = { registry = "https://pypi.org/simple" }
sdist = { url = "https://files.pythonhosted.org/packages/71/8a/89d82f1a9d913fb266c2e6dc2f6030935db24b7152963a8db6c4f039787f/openvino_telemetry-2025.2.0.tar.gz", hash = "sha256:8bf8127218e51e99547bf38b8fb85a8b31c9bf96e6f3a82eb0b3b6a34155977c", size = 18894, upload-time = "2025-07-07T10:29:51.159Z" }
wheels = [
    { url = "https://files.pythonhosted.org/packages/3b/ac/5ab0ca0aa269ad3c73f7bfc3801b10e5f56f75a31bf68c1ae8bd51cf70a4/openvino_telemetry-2025.2.0-py3-none-any.whl", hash = "sha256:bcb667e83a44f202ecf4cfa49281715c6d7e21499daec04ff853b7f964833599", size = 25227, upload-time = "2025-07-07T10:29:50.189Z" },
]

[[package]]
name = "openvino-tokenizers"
version = "2025.3.0.0"
source = { registry = "https://pypi.org/simple" }
dependencies = [
    { name = "openvino" },
]
wheels = [
    { url = "https://files.pythonhosted.org/packages/39/0e/ddd3168247db122a3a40c05ea1dcb0c1afe4017f3b6f8e9eed678e951b9d/openvino_tokenizers-2025.3.0.0-py3-none-macosx_10_15_x86_64.whl", hash = "sha256:508d0beb7eec76a9097d396e115423485e4dae16b00e255201fcae6aae6e1cae", size = 13949645, upload-time = "2025-09-03T09:47:46.283Z" },
    { url = "https://files.pythonhosted.org/packages/10/0b/4289405ad9442fb6ee99eec97d3eb9934a9fc7a13612df6a4440bf77fc76/openvino_tokenizers-2025.3.0.0-py3-none-macosx_11_0_arm64.whl", hash = "sha256:7df469fdb83d0516bd6008119f338e1978d57d0d925e5ddb224d697b016f8fce", size = 13835423, upload-time = "2025-09-03T09:47:48.294Z" },
    { url = "https://files.pythonhosted.org/packages/e1/9d/b116caa48a0fdf6a233bbb2be8386e06711bf04eeccbd7b6fe96e0c8d1d5/openvino_tokenizers-2025.3.0.0-py3-none-manylinux2014_x86_64.whl", hash = "sha256:d4197347693d5f0e8350dc593d10298ba626ce59bd0132c4e4b83ff0888bfcaa", size = 13837273, upload-time = "2025-09-03T09:47:50.331Z" },
    { url = "https://files.pythonhosted.org/packages/ca/99/238da535725021daecbf0fa8113b65b7a3dc53afb8f41dd9d080590de619/openvino_tokenizers-2025.3.0.0-py3-none-manylinux_2_31_aarch64.whl", hash = "sha256:e223a29105c86fb05acf828aece4bc5038f1e662071d112f0a9fde973d298dee", size = 13750128, upload-time = "2025-09-03T09:47:52.309Z" },
    { url = "https://files.pythonhosted.org/packages/5c/ae/e369d4eba2d6d04e5740bb4ed15bc68c5d76de38eb31c585b89015567808/openvino_tokenizers-2025.3.0.0-py3-none-win_amd64.whl", hash = "sha256:1d6fcffce97145a5c9605385a8bdd3748bd05ea0c1a44ae78ece1605ea3a9f94", size = 14080249, upload-time = "2025-09-03T09:47:54.397Z" },
]

[[package]]
name = "packaging"
version = "26.2"
source = { registry = "https://pypi.org/simple" }
sdist = { url = "https://files.pythonhosted.org/packages/d7/f1/e7a6dd94a8d4a5626c03e4e99c87f241ba9e350cd9e6d75123f992427270/packaging-26.2.tar.gz", hash = "sha256:ff452ff5a3e828ce110190feff1178bb1f2ea2281fa2075aadb987c2fb221661", size = 228134, upload-time = "2026-04-24T20:15:23.917Z" }
wheels = [
    { url = "https://files.pythonhosted.org/packages/df/b2/87e62e8c3e2f4b32e5fe99e0b86d576da1312593b39f47d8ceef365e95ed/packaging-26.2-py3-none-any.whl", hash = "sha256:5fc45236b9446107ff2415ce77c807cee2862cb6fac22b8a73826d0693b0980e", size = 100195, upload-time = "2026-04-24T20:15:22.081Z" },
]

[[package]]
name = "pluggy"
version = "1.6.0"
source = { registry = "https://pypi.org/simple" }
sdist = { url = "https://files.pythonhosted.org/packages/f9/e2/3e91f31a7d2b083fe6ef3fa267035b518369d9511ffab804f839851d2779/pluggy-1.6.0.tar.gz", hash = "sha256:7dcc130b76258d33b90f61b658791dede3486c3e6bfb003ee5c9bfb396dd22f3", size = 69412, upload-time = "2025-05-15T12:30:07.975Z" }
wheels = [
    { url = "https://files.pythonhosted.org/packages/54/20/4d324d65cc6d9205fabedc306948156824eb9f0ee1633355a8f7ec5c66bf/pluggy-1.6.0-py3-none-any.whl", hash = "sha256:e920276dd6813095e9377c0bc5566d94c932c33b27a3e3945d8389c374dd4746", size = 20538, upload-time = "2025-05-15T12:30:06.134Z" },
]

[[package]]
name = "pycparser"
version = "3.0"
source = { registry = "https://pypi.org/simple" }
sdist = { url = "https://files.pythonhosted.org/packages/1b/7d/92392ff7815c21062bea51aa7b87d45576f649f16458d78b7cf94b9ab2e6/pycparser-3.0.tar.gz", hash = "sha256:600f49d217304a5902ac3c37e1281c9fe94e4d0489de643a9504c5cdfdfc6b29", size = 103492, upload-time = "2026-01-21T14:26:51.89Z" }
wheels = [
    { url = "https://files.pythonhosted.org/packages/0c/c3/44f3fbbfa403ea2a7c779186dc20772604442dde72947e7d01069cbe98e3/pycparser-3.0-py3-none-any.whl", hash = "sha256:b727414169a36b7d524c1c3e31839a521725078d7b2ff038656844266160a992", size = 48172, upload-time = "2026-01-21T14:26:50.693Z" },
]

[[package]]
name = "pygments"
version = "2.20.0"
source = { registry = "https://pypi.org/simple" }
sdist = { url = "https://files.pythonhosted.org/packages/c3/b2/bc9c9196916376152d655522fdcebac55e66de6603a76a02bca1b6414f6c/pygments-2.20.0.tar.gz", hash = "sha256:6757cd03768053ff99f3039c1a36d6c0aa0b263438fcab17520b30a303a82b5f", size = 4955991, upload-time = "2026-03-29T13:29:33.898Z" }
wheels = [
    { url = "https://files.pythonhosted.org/packages/f4/7e/a72dd26f3b0f4f2bf1dd8923c85f7ceb43172af56d63c7383eb62b332364/pygments-2.20.0-py3-none-any.whl", hash = "sha256:81a9e26dd42fd28a23a2d169d86d7ac03b46e2f8b59ed4698fb4785f946d0176", size = 1231151, upload-time = "2026-03-29T13:29:30.038Z" },
]

[[package]]
name = "pytest"
version = "9.1.1"
source = { registry = "https://pypi.org/simple" }
dependencies = [
    { name = "colorama", marker = "sys_platform == 'win32'" },
    { name = "iniconfig" },
    { name = "packaging" },
    { name = "pluggy" },
    { name = "pygments" },
]
sdist = { url = "https://files.pythonhosted.org/packages/e4/47/b9efed96c114afcfa3c9d3fe98a76a1d14c74a9e266d397cf6eb64be5e01/pytest-9.1.1.tar.gz", hash = "sha256:1088fbde8f2b49d95a549a195707afa7a76a3ce9bcadc26b6d71f0ffda5fe313", size = 1636369, upload-time = "2026-06-19T10:58:32.857Z" }
wheels = [
    { url = "https://files.pythonhosted.org/packages/24/25/1de2678b631f5a49215c6c96fff41ba892b0a34df68d6d80292b1b48aa7f/pytest-9.1.1-py3-none-any.whl", hash = "sha256:37a86b45efb9a47a61a36449063e8e18d0cab3161329fc099eb21783169c4f0c", size = 386536, upload-time = "2026-06-19T10:58:31.347Z" },
]

[[package]]
name = "sounddevice"
version = "0.5.5"
source = { registry = "https://pypi.org/simple" }
dependencies = [
    { name = "cffi" },
]
sdist = { url = "https://files.pythonhosted.org/packages/2a/f9/2592608737553638fca98e21e54bfec40bf577bb98a61b2770c912aab25e/sounddevice-0.5.5.tar.gz", hash = "sha256:22487b65198cb5bf2208755105b524f78ad173e5ab6b445bdab1c989f6698df3", size = 143191, upload-time = "2026-01-23T18:36:43.529Z" }
wheels = [
    { url = "https://files.pythonhosted.org/packages/1e/0a/478e441fd049002cf308520c0d62dd8333e7c6cc8d997f0dda07b9fbcc46/sounddevice-0.5.5-py3-none-any.whl", hash = "sha256:30ff99f6c107f49d25ad16a45cacd8d91c25a1bcdd3e81a206b921a3a6405b1f", size = 32807, upload-time = "2026-01-23T18:36:35.649Z" },
    { url = "https://files.pythonhosted.org/packages/56/f9/c037c35f6d0b6bc3bc7bfb314f1d6f1f9a341328ef47cd63fc4f850a7b27/sounddevice-0.5.5-py3-none-macosx_10_6_x86_64.macosx_10_6_universal2.whl", hash = "sha256:05eb9fd6c54c38d67741441c19164c0dae8ce80453af2d8c4ad2e7823d15b722", size = 108557, upload-time = "2026-01-23T18:36:37.41Z" },
    { url = "https://files.pythonhosted.org/packages/88/a1/d19dd9889cd4bce2e233c4fac007cd8daaf5b9fe6e6a5d432cf17be0b807/sounddevice-0.5.5-py3-none-win32.whl", hash = "sha256:1234cc9b4c9df97b6cbe748146ae0ec64dd7d6e44739e8e42eaa5b595313a103", size = 317765, upload-time = "2026-01-23T18:36:39.047Z" },
    { url = "https://files.pythonhosted.org/packages/c3/0e/002ed7c4c1c2ab69031f78989d3b789fee3a7fba9e586eb2b81688bf4961/sounddevice-0.5.5-py3-none-win_amd64.whl", hash = "sha256:cfc6b2c49fb7f555591c78cb8ecf48d6a637fd5b6e1db5fec6ed9365d64b3519", size = 365324, upload-time = "2026-01-23T18:36:40.496Z" },
    { url = "https://files.pythonhosted.org/packages/4e/39/a61d4b83a7746b70d23d9173be688c0c6bfc7173772344b7442c2c155497/sounddevice-0.5.5-py3-none-win_arm64.whl", hash = "sha256:3861901ddd8230d2e0e8ae62ac320cdd4c688d81df89da036dcb812f757bb3e6", size = 317115, upload-time = "2026-01-23T18:36:42.235Z" },
]

[[package]]
name = "whispr-local"
version = "0.1.0"
source = { editable = "." }
dependencies = [
    { name = "numpy" },
    { name = "sounddevice" },
]

[package.optional-dependencies]
npu = [
    { name = "openvino" },
    { name = "openvino-genai" },
    { name = "openvino-tokenizers" },
]

[package.dev-dependencies]
dev = [
    { name = "pytest" },
]

[package.metadata]
requires-dist = [
    { name = "numpy" },
    { name = "openvino", marker = "extra == 'npu'", specifier = "==2025.3.0" },
    { name = "openvino-genai", marker = "extra == 'npu'", specifier = "==2025.3.0.0" },
    { name = "openvino-tokenizers", marker = "extra == 'npu'", specifier = "==2025.3.0.0" },
    { name = "sounddevice" },
]
provides-extras = ["npu"]

[package.metadata.requires-dev]
dev = [{ name = "pytest" }]
